// !$*UTF8*$!
{
	archiveVersion = 1;
	classes = {
	};
	objectVersion = 50;
	objects = {

/* Begin PBXBuildFile section */
		CA44B402284795B5005F662E /* ChooseSeatScreen.swift in Sources */ = {isa = PBXBuildFile; fileRef = CA44B401284795B5005F662E /* ChooseSeatScreen.swift */; };
		CA44B40628479679005F662E /* GradientButton.swift in Sources */ = {isa = PBXBuildFile; fileRef = CA44B40528479679005F662E /* GradientButton.swift */; };
		CA44B40B2848B401005F662E /* HallSeatsProvider.swift in Sources */ = {isa = PBXBuildFile; fileRef = CA44B40A2848B401005F662E /* HallSeatsProvider.swift */; };
		CA44B40F2848B457005F662E /* Hall.swift in Sources */ = {isa = PBXBuildFile; fileRef = CA44B40E2848B457005F662E /* Hall.swift */; };
		CA44B4122848B498005F662E /* HallContent.swift in Sources */ = {isa = PBXBuildFile; fileRef = CA44B4112848B498005F662E /* HallContent.swift */; };
		CA44B4162848B5D3005F662E /* StageShape.swift in Sources */ = {isa = PBXBuildFile; fileRef = CA44B4152848B5D3005F662E /* StageShape.swift */; };
		CA44B41A2848B886005F662E /* ScreenView.swift in Sources */ = {isa = PBXBuildFile; fileRef = CA44B4192848B886005F662E /* ScreenView.swift */; };
		CA44B41D2848BB61005F662E /* HallLegendView.swift in Sources */ = {isa = PBXBuildFile; fileRef = CA44B41C2848BB61005F662E /* HallLegendView.swift */; };
		CA44B4202848BBB5005F662E /* HallSectionView.swift in Sources */ = {isa = PBXBuildFile; fileRef = CA44B41F2848BBB5005F662E /* HallSectionView.swift */; };
		CA44B4232848BBF2005F662E /* SeatCardView.swift in Sources */ = {isa = PBXBuildFile; fileRef = CA44B4222848BBF2005F662E /* SeatCardView.swift */; };
		CA44B4262848BC66005F662E /* FirstHallView.swift in Sources */ = {isa = PBXBuildFile; fileRef = CA44B4252848BC66005F662E /* FirstHallView.swift */; };
		CA44B4292848C470005F662E /* BuyTicketShape.swift in Sources */ = {isa = PBXBuildFile; fileRef = CA44B4282848C470005F662E /* BuyTicketShape.swift */; };
		CA44B42D2848E564005F662E /* MainTabScreen.swift in Sources */ = {isa = PBXBuildFile; fileRef = CA44B42C2848E564005F662E /* MainTabScreen.swift */; };
		CA44B4302848EC7D005F662E /* AppTabView.swift in Sources */ = {isa = PBXBuildFile; fileRef = CA44B42F2848EC7D005F662E /* AppTabView.swift */; };
		CA89001C2844F12B00EA916D /* CinemaBookingApp.swift in Sources */ = {isa = PBXBuildFile; fileRef = CA89001B2844F12B00EA916D /* CinemaBookingApp.swift */; };
		CA89001E2844F12B00EA916D /* ContentView.swift in Sources */ = {isa = PBXBuildFile; fileRef = CA89001D2844F12B00EA916D /* ContentView.swift */; };
		CA8900202844F12D00EA916D /* Assets.xcassets in Resources */ = {isa = PBXBuildFile; fileRef = CA89001F2844F12D00EA916D /* Assets.xcassets */; };
		CA8900232844F12D00EA916D /* Preview Assets.xcassets in Resources */ = {isa = PBXBuildFile; fileRef = CA8900222844F12D00EA916D /* Preview Assets.xcassets */; };
		CA8900342844F48C00EA916D /* ReservationScreen.swift in Sources */ = {isa = PBXBuildFile; fileRef = CA8900332844F48C00EA916D /* ReservationScreen.swift */; };
		CA8900382844F71600EA916D /* Asset.swift in Sources */ = {isa = PBXBuildFile; fileRef = CA8900372844F71600EA916D /* Asset.swift */; };
		CA89003D2844F8DC00EA916D /* Color+Extension.swift in Sources */ = {isa = PBXBuildFile; fileRef = CA89003A2844F8DB00EA916D /* Color+Extension.swift */; };
		CA89003E2844F8DC00EA916D /* Font+Extension.swift in Sources */ = {isa = PBXBuildFile; fileRef = CA89003B2844F8DC00EA916D /* Font+Extension.swift */; };
		CA89003F2844F8DC00EA916D /* View+Extension.swift in Sources */ = {isa = PBXBuildFile; fileRef = CA89003C2844F8DC00EA916D /* View+Extension.swift */; };
		CA8900422844FA0A00EA916D /* HeaderButtonModifire.swift in Sources */ = {isa = PBXBuildFile; fileRef = CA8900412844FA0A00EA916D /* HeaderButtonModifire.swift */; };
		CA8900492844FCA700EA916D /* Poppins-SemiBold.ttf in Resources */ = {isa = PBXBuildFile; fileRef = CA8900462844FCA700EA916D /* Poppins-SemiBold.ttf */; };
		CA89004A2844FCA700EA916D /* Poppins-Regular.ttf in Resources */ = {isa = PBXBuildFile; fileRef = CA8900472844FCA700EA916D /* Poppins-Regular.ttf */; };
		CA89004B2844FCA700EA916D /* Poppins-Bold.ttf in Resources */ = {isa = PBXBuildFile; fileRef = CA8900482844FCA700EA916D /* Poppins-Bold.ttf */; };
		CA89004E2845EB9C00EA916D /* HorizontalDatePicker.swift in Sources */ = {isa = PBXBuildFile; fileRef = CA89004D2845EB9C00EA916D /* HorizontalDatePicker.swift */; };
		CA8900512845F28700EA916D /* Date+Extension.swift in Sources */ = {isa = PBXBuildFile; fileRef = CA8900502845F28700EA916D /* Date+Extension.swift */; };
		CA8900542845F2C700EA916D /* FullSizeDateCard.swift in Sources */ = {isa = PBXBuildFile; fileRef = CA8900532845F2C700EA916D /* FullSizeDateCard.swift */; };
		CA89005828461C0E00EA916D /* Gradients.swift in Sources */ = {isa = PBXBuildFile; fileRef = CA89005728461C0E00EA916D /* Gradients.swift */; };
		CA89005C28476C3200EA916D /* SmallSizeDateCard.swift in Sources */ = {isa = PBXBuildFile; fileRef = CA89005B28476C3200EA916D /* SmallSizeDateCard.swift */; };
		CA89005F284775AE00EA916D /* ShowTime.swift in Sources */ = {isa = PBXBuildFile; fileRef = CA89005E284775AE00EA916D /* ShowTime.swift */; };
		CA99DF4A284C867D0030CF9E /* EllipseShape.swift in Sources */ = {isa = PBXBuildFile; fileRef = CA99DF49284C867D0030CF9E /* EllipseShape.swift */; };
		CA99DF4F284C873B0030CF9E /* BlurView.swift in Sources */ = {isa = PBXBuildFile; fileRef = CA99DF4E284C873B0030CF9E /* BlurView.swift */; };
		CA99DF54284CB8870030CF9E /* TabViewButton.swift in Sources */ = {isa = PBXBuildFile; fileRef = CA99DF53284CB8870030CF9E /* TabViewButton.swift */; };
		CA99DF58284CB92E0030CF9E /* TabViewItem.swift in Sources */ = {isa = PBXBuildFile; fileRef = CA99DF57284CB92E0030CF9E /* TabViewItem.swift */; };
		CA99DF5D284CB99D0030CF9E /* HomeScreen.swift in Sources */ = {isa = PBXBuildFile; fileRef = CA99DF5C284CB99D0030CF9E /* HomeScreen.swift */; };
/* End PBXBuildFile section */

/* Begin PBXFileReference section */
		CA44B401284795B5005F662E /* ChooseSeatScreen.swift */ = {isa = PBXFileReference; lastKnownFileType = sourcecode.swift; path = ChooseSeatScreen.swift; sourceTree = "<group>"; };
		CA44B40528479679005F662E /* GradientButton.swift */ = {isa = PBXFileReference; lastKnownFileType = sourcecode.swift; path = GradientButton.swift; sourceTree = "<group>"; };
		CA44B40A2848B401005F662E /* HallSeatsProvider.swift */ = {isa = PBXFileReference; lastKnownFileType = sourcecode.swift; path = HallSeatsProvider.swift; sourceTree = "<group>"; };
		CA44B40E2848B457005F662E /* Hall.swift */ = {isa = PBXFileReference; lastKnownFileType = sourcecode.swift; path = Hall.swift; sourceTree = "<group>"; };
		CA44B4112848B498005F662E /* HallContent.swift */ = {isa = PBXFileReference; lastKnownFileType = sourcecode.swift; path = HallContent.swift; sourceTree = "<group>"; };
		CA44B4152848B5D3005F662E /* StageShape.swift */ = {isa = PBXFileReference; lastKnownFileType = sourcecode.swift; path = StageShape.swift; sourceTree = "<group>"; };
		CA44B4192848B886005F662E /* ScreenView.swift */ = {isa = PBXFileReference; lastKnownFileType = sourcecode.swift; path = ScreenView.swift; sourceTree = "<group>"; };
		CA44B41C2848BB61005F662E /* HallLegendView.swift */ = {isa = PBXFileReference; lastKnownFileType = sourcecode.swift; path = HallLegendView.swift; sourceTree = "<group>"; };
		CA44B41F2848BBB5005F662E /* HallSectionView.swift */ = {isa = PBXFileReference; lastKnownFileType = sourcecode.swift; path = HallSectionView.swift; sourceTree = "<group>"; };
		CA44B4222848BBF2005F662E /* SeatCardView.swift */ = {isa = PBXFileReference; lastKnownFileType = sourcecode.swift; path = SeatCardView.swift; sourceTree = "<group>"; };
		CA44B4252848BC66005F662E /* FirstHallView.swift */ = {isa = PBXFileReference; lastKnownFileType = sourcecode.swift; path = FirstHallView.swift; sourceTree = "<group>"; };
		CA44B4282848C470005F662E /* BuyTicketShape.swift */ = {isa = PBXFileReference; lastKnownFileType = sourcecode.swift; path = BuyTicketShape.swift; sourceTree = "<group>"; };
		CA44B42C2848E564005F662E /* MainTabScreen.swift */ = {isa = PBXFileReference; lastKnownFileType = sourcecode.swift; path = MainTabScreen.swift; sourceTree = "<group>"; };
		CA44B42F2848EC7D005F662E /* AppTabView.swift */ = {isa = PBXFileReference; lastKnownFileType = sourcecode.swift; path = AppTabView.swift; sourceTree = "<group>"; };
		CA8900182844F12B00EA916D /* CinemaBooking.app */ = {isa = PBXFileReference; explicitFileType = wrapper.application; includeInIndex = 0; path = CinemaBooking.app; sourceTree = BUILT_PRODUCTS_DIR; };
		CA89001B2844F12B00EA916D /* CinemaBookingApp.swift */ = {isa = PBXFileReference; lastKnownFileType = sourcecode.swift; path = CinemaBookingApp.swift; sourceTree = "<group>"; };
		CA89001D2844F12B00EA916D /* ContentView.swift */ = {isa = PBXFileReference; lastKnownFileType = sourcecode.swift; path = ContentView.swift; sourceTree = "<group>"; };
		CA89001F2844F12D00EA916D /* Assets.xcassets */ = {isa = PBXFileReference; lastKnownFileType = folder.assetcatalog; path = Assets.xcassets; sourceTree = "<group>"; };
		CA8900222844F12D00EA916D /* Preview Assets.xcassets */ = {isa = PBXFileReference; lastKnownFileType = folder.assetcatalog; path = "Preview Assets.xcassets"; sourceTree = "<group>"; };
		CA8900242844F12D00EA916D /* Info.plist */ = {isa = PBXFileReference; lastKnownFileType = text.plist.xml; path = Info.plist; sourceTree = "<group>"; };
		CA8900332844F48C00EA916D /* ReservationScreen.swift */ = {isa = PBXFileReference; lastKnownFileType = sourcecode.swift; path = ReservationScreen.swift; sourceTree = "<group>"; };
		CA8900372844F71600EA916D /* Asset.swift */ = {isa = PBXFileReference; lastKnownFileType = sourcecode.swift; path = Asset.swift; sourceTree = "<group>"; };
		CA89003A2844F8DB00EA916D /* Color+Extension.swift */ = {isa = PBXFileReference; fileEncoding = 4; lastKnownFileType = sourcecode.swift; path = "Color+Extension.swift"; sourceTree = "<group>"; };
		CA89003B2844F8DC00EA916D /* Font+Extension.swift */ = {isa = PBXFileReference; fileEncoding = 4; lastKnownFileType = sourcecode.swift; path = "Font+Extension.swift"; sourceTree = "<group>"; };
		CA89003C2844F8DC00EA916D /* View+Extension.swift */ = {isa = PBXFileReference; fileEncoding = 4; lastKnownFileType = sourcecode.swift; path = "View+Extension.swift"; sourceTree = "<group>"; };
		CA8900412844FA0A00EA916D /* HeaderButtonModifire.swift */ = {isa = PBXFileReference; lastKnownFileType = sourcecode.swift; path = HeaderButtonModifire.swift; sourceTree = "<group>"; };
		CA8900462844FCA700EA916D /* Poppins-SemiBold.ttf */ = {isa = PBXFileReference; lastKnownFileType = file; path = "Poppins-SemiBold.ttf"; sourceTree = "<group>"; };
		CA8900472844FCA700EA916D /* Poppins-Regular.ttf */ = {isa = PBXFileReference; lastKnownFileType = file; path = "Poppins-Regular.ttf"; sourceTree = "<group>"; };
		CA8900482844FCA700EA916D /* Poppins-Bold.ttf */ = {isa = PBXFileReference; lastKnownFileType = file; path = "Poppins-Bold.ttf"; sourceTree = "<group>"; };
		CA89004D2845EB9C00EA916D /* HorizontalDatePicker.swift */ = {isa = PBXFileReference; lastKnownFileType = sourcecode.swift; path = HorizontalDatePicker.swift; sourceTree = "<group>"; };
		CA8900502845F28700EA916D /* Date+Extension.swift */ = {isa = PBXFileReference; fileEncoding = 4; lastKnownFileType = sourcecode.swift; path = "Date+Extension.swift"; sourceTree = "<group>"; };
		CA8900532845F2C700EA916D /* FullSizeDateCard.swift */ = {isa = PBXFileReference; lastKnownFileType = sourcecode.swift; path = FullSizeDateCard.swift; sourceTree = "<group>"; };
		CA89005728461C0E00EA916D /* Gradients.swift */ = {isa = PBXFileReference; lastKnownFileType = sourcecode.swift; path = Gradients.swift; sourceTree = "<group>"; };
		CA89005B28476C3200EA916D /* SmallSizeDateCard.swift */ = {isa = PBXFileReference; lastKnownFileType = sourcecode.swift; path = SmallSizeDateCard.swift; sourceTree = "<group>"; };
		CA89005E284775AE00EA916D /* ShowTime.swift */ = {isa = PBXFileReference; lastKnownFileType = sourcecode.swift; path = ShowTime.swift; sourceTree = "<group>"; };
		CA99DF49284C867D0030CF9E /* EllipseShape.swift */ = {isa = PBXFileReference; lastKnownFileType = sourcecode.swift; path = EllipseShape.swift; sourceTree = "<group>"; };
		CA99DF4E284C873B0030CF9E /* BlurView.swift */ = {isa = PBXFileReference; lastKnownFileType = sourcecode.swift; path = BlurView.swift; sourceTree = "<group>"; };
		CA99DF53284CB8870030CF9E /* TabViewButton.swift */ = {isa = PBXFileReference; lastKnownFileType = sourcecode.swift; path = TabViewButton.swift; sourceTree = "<group>"; };
		CA99DF57284CB92E0030CF9E /* TabViewItem.swift */ = {isa = PBXFileReference; lastKnownFileType = sourcecode.swift; path = TabViewItem.swift; sourceTree = "<group>"; };
		CA99DF5C284CB99D0030CF9E /* HomeScreen.swift */ = {isa = PBXFileReference; lastKnownFileType = sourcecode.swift; path = HomeScreen.swift; sourceTree = "<group>"; };
/* End PBXFileReference section */

/* Begin PBXFrameworksBuildPhase section */
		CA8900152844F12B00EA916D /* Frameworks */ = {
			isa = PBXFrameworksBuildPhase;
			buildActionMask = 2147483647;
			files = (
			);
			runOnlyForDeploymentPostprocessing = 0;
		};
/* End PBXFrameworksBuildPhase section */

/* Begin PBXGroup section */
		CA44B400284795A0005F662E /* ChooseSeatScreen */ = {
			isa = PBXGroup;
			children = (
				CA44B401284795B5005F662E /* ChooseSeatScreen.swift */,
			);
			path = ChooseSeatScreen;
			sourceTree = "<group>";
		};
		CA44B4082848B393005F662E /* Helpers */ = {
			isa = PBXGroup;
			children = (
				CA44B40A2848B401005F662E /* HallSeatsProvider.swift */,
			);
			path = Helpers;
			sourceTree = "<group>";
		};
		CA44B4142848B5BE005F662E /* Shapes */ = {
			isa = PBXGroup;
			children = (
				CA44B4152848B5D3005F662E /* StageShape.swift */,
				CA44B4282848C470005F662E /* BuyTicketShape.swift */,
			);
			path = Shapes;
			sourceTree = "<group>";
		};
		CA89000F2844F12B00EA916D = {
			isa = PBXGroup;
			children = (
				CA89001A2844F12B00EA916D /* CinemaBooking */,
				CA8900192844F12B00EA916D /* Products */,
			);
			sourceTree = "<group>";
		};
		CA8900192844F12B00EA916D /* Products */ = {
			isa = PBXGroup;
			children = (
				CA8900182844F12B00EA916D /* CinemaBooking.app */,
			);
			name = Products;
			sourceTree = "<group>";
		};
		CA89001A2844F12B00EA916D /* CinemaBooking */ = {
			isa = PBXGroup;
			children = (
				CA8900302844F17000EA916D /* Resources */,
				CA89002F2844F16700EA916D /* Extensions */,
				CA44B4082848B393005F662E /* Helpers */,
				CA89002E2844F15C00EA916D /* Models */,
				CA44B4142848B5BE005F662E /* Shapes */,
				CA89002D2844F15500EA916D /* Views */,
				CA89002C2844F15000EA916D /* Screens */,
				CA8900242844F12D00EA916D /* Info.plist */,
				CA8900212844F12D00EA916D /* Preview Content */,
			);
			path = CinemaBooking;
			sourceTree = "<group>";
		};
		CA8900212844F12D00EA916D /* Preview Content */ = {
			isa = PBXGroup;
			children = (
				CA8900222844F12D00EA916D /* Preview Assets.xcassets */,
			);
			path = "Preview Content";
			sourceTree = "<group>";
		};
		CA89002C2844F15000EA916D /* Screens */ = {
			isa = PBXGroup;
			children = (
				CA99DF5B284CB9900030CF9E /* Home */,
				CA44B400284795A0005F662E /* ChooseSeatScreen */,
				CA8900322844F47D00EA916D /* ReservationScreen */,
				CA44B42C2848E564005F662E /* MainTabScreen.swift */,
			);
			path = Screens;
			sourceTree = "<group>";
		};
		CA89002D2844F15500EA916D /* Views */ = {
			isa = PBXGroup;
			children = (
				CA8900412844FA0A00EA916D /* HeaderButtonModifire.swift */,
				CA89004D2845EB9C00EA916D /* HorizontalDatePicker.swift */,
				CA8900532845F2C700EA916D /* FullSizeDateCard.swift */,
				CA89005B28476C3200EA916D /* SmallSizeDateCard.swift */,
				CA44B40528479679005F662E /* GradientButton.swift */,
				CA44B4192848B886005F662E /* ScreenView.swift */,
				CA44B41C2848BB61005F662E /* HallLegendView.swift */,
				CA44B41F2848BBB5005F662E /* HallSectionView.swift */,
				CA44B4222848BBF2005F662E /* SeatCardView.swift */,
				CA44B4252848BC66005F662E /* FirstHallView.swift */,
				CA44B42F2848EC7D005F662E /* AppTabView.swift */,
				CA99DF49284C867D0030CF9E /* EllipseShape.swift */,
				CA99DF4E284C873B0030CF9E /* BlurView.swift */,
				CA99DF53284CB8870030CF9E /* TabViewButton.swift */,
			);
			path = Views;
			sourceTree = "<group>";
		};
		CA89002E2844F15C00EA916D /* Models */ = {
			isa = PBXGroup;
			children = (
				CA89005E284775AE00EA916D /* ShowTime.swift */,
				CA44B40E2848B457005F662E /* Hall.swift */,
				CA44B4112848B498005F662E /* HallContent.swift */,
				CA99DF57284CB92E0030CF9E /* TabViewItem.swift */,
			);
			path = Models;
			sourceTree = "<group>";
		};
		CA89002F2844F16700EA916D /* Extensions */ = {
			isa = PBXGroup;
			children = (
				CA89003A2844F8DB00EA916D /* Color+Extension.swift */,
				CA89003B2844F8DC00EA916D /* Font+Extension.swift */,
				CA89003C2844F8DC00EA916D /* View+Extension.swift */,
				CA8900502845F28700EA916D /* Date+Extension.swift */,
			);
			path = Extensions;
			sourceTree = "<group>";
		};
		CA8900302844F17000EA916D /* Resources */ = {
			isa = PBXGroup;
			children = (
				CA8900452844FC9B00EA916D /* Fonts */,
				CA89001B2844F12B00EA916D /* CinemaBookingApp.swift */,
				CA89001D2844F12B00EA916D /* ContentView.swift */,
				CA89001F2844F12D00EA916D /* Assets.xcassets */,
				CA89005728461C0E00EA916D /* Gradients.swift */,
				CA8900372844F71600EA916D /* Asset.swift */,
			);
			path = Resources;
			sourceTree = "<group>";
		};
		CA8900322844F47D00EA916D /* ReservationScreen */ = {
			isa = PBXGroup;
			children = (
				CA8900332844F48C00EA916D /* ReservationScreen.swift */,
			);
			path = ReservationScreen;
			sourceTree = "<group>";
		};
		CA8900452844FC9B00EA916D /* Fonts */ = {
			isa = PBXGroup;
			children = (
				CA8900482844FCA700EA916D /* Poppins-Bold.ttf */,
				CA8900472844FCA700EA916D /* Poppins-Regular.ttf */,
				CA8900462844FCA700EA916D /* Poppins-SemiBold.ttf */,
			);
			path = Fonts;
			sourceTree = "<group>";
		};
		CA99DF5B284CB9900030CF9E /* Home */ = {
			isa = PBXGroup;
			children = (
				CA99DF5C284CB99D0030CF9E /* HomeScreen.swift */,
			);
			path = Home;
			sourceTree = "<group>";
		};
/* End PBXGroup section */

/* Begin PBXNativeTarget section */
		CA8900172844F12B00EA916D /* CinemaBooking */ = {
			isa = PBXNativeTarget;
			buildConfigurationList = CA8900272844F12D00EA916D /* Build configuration list for PBXNativeTarget "CinemaBooking" */;
			buildPhases = (
				CA8900142844F12B00EA916D /* Sources */,
				CA8900152844F12B00EA916D /* Frameworks */,
				CA8900162844F12B00EA916D /* Resources */,
			);
			buildRules = (
			);
			dependencies = (
			);
			name = CinemaBooking;
			productName = CinemaBooking;
			productReference = CA8900182844F12B00EA916D /* CinemaBooking.app */;
			productType = "com.apple.product-type.application";
		};
/* End PBXNativeTarget section */

/* Begin PBXProject section */
		CA8900102844F12B00EA916D /* Project object */ = {
			isa = PBXProject;
			attributes = {
				LastSwiftUpdateCheck = 1240;
				LastUpgradeCheck = 1240;
				TargetAttributes = {
					CA8900172844F12B00EA916D = {
						CreatedOnToolsVersion = 12.4;
					};
				};
			};
			buildConfigurationList = CA8900132844F12B00EA916D /* Build configuration list for PBXProject "CinemaBooking" */;
			compatibilityVersion = "Xcode 9.3";
			developmentRegion = en;
			hasScannedForEncodings = 0;
			knownRegions = (
				en,
				Base,
			);
			mainGroup = CA89000F2844F12B00EA916D;
			productRefGroup = CA8900192844F12B00EA916D /* Products */;
			projectDirPath = "";
			projectRoot = "";
			targets = (
				CA8900172844F12B00EA916D /* CinemaBooking */,
			);
		};
/* End PBXProject section */

/* Begin PBXResourcesBuildPhase section */
		CA8900162844F12B00EA916D /* Resources */ = {
			isa = PBXResourcesBuildPhase;
			buildActionMask = 2147483647;
			files = (
				CA8900492844FCA700EA916D /* Poppins-SemiBold.ttf in Resources */,
				CA8900232844F12D00EA916D /* Preview Assets.xcassets in Resources */,
				CA89004B2844FCA700EA916D /* Poppins-Bold.ttf in Resources */,
				CA8900202844F12D00EA916D /* Assets.xcassets in Resources */,
				CA89004A2844FCA700EA916D /* Poppins-Regular.ttf in Resources */,
			);
			runOnlyForDeploymentPostprocessing = 0;
		};
/* End PBXResourcesBuildPhase section */

/* Begin PBXSourcesBuildPhase section */
		CA8900142844F12B00EA916D /* Sources */ = {
			isa = PBXSourcesBuildPhase;
			buildActionMask = 2147483647;
			files = (
				CA8900342844F48C00EA916D /* ReservationScreen.swift in Sources */,
				CA89003D2844F8DC00EA916D /* Color+Extension.swift in Sources */,
				CA8900422844FA0A00EA916D /* HeaderButtonModifire.swift in Sources */,
				CA44B4202848BBB5005F662E /* HallSectionView.swift in Sources */,
				CA89003E2844F8DC00EA916D /* Font+Extension.swift in Sources */,
				CA89001E2844F12B00EA916D /* ContentView.swift in Sources */,
				CA8900512845F28700EA916D /* Date+Extension.swift in Sources */,
				CA44B41A2848B886005F662E /* ScreenView.swift in Sources */,
				CA44B4292848C470005F662E /* BuyTicketShape.swift in Sources */,
				CA8900382844F71600EA916D /* Asset.swift in Sources */,
				CA44B4122848B498005F662E /* HallContent.swift in Sources */,
				CA44B402284795B5005F662E /* ChooseSeatScreen.swift in Sources */,
				CA89003F2844F8DC00EA916D /* View+Extension.swift in Sources */,
				CA99DF58284CB92E0030CF9E /* TabViewItem.swift in Sources */,
				CA44B40B2848B401005F662E /* HallSeatsProvider.swift in Sources */,
				CA44B41D2848BB61005F662E /* HallLegendView.swift in Sources */,
				CA44B40628479679005F662E /* GradientButton.swift in Sources */,
				CA44B4162848B5D3005F662E /* StageShape.swift in Sources */,
				CA99DF4F284C873B0030CF9E /* BlurView.swift in Sources */,
				CA8900542845F2C700EA916D /* FullSizeDateCard.swift in Sources */,
				CA44B4302848EC7D005F662E /* AppTabView.swift in Sources */,
				CA44B4262848BC66005F662E /* FirstHallView.swift in Sources */,
				CA89001C2844F12B00EA916D /* CinemaBookingApp.swift in Sources */,
				CA89004E2845EB9C00EA916D /* HorizontalDatePicker.swift in Sources */,
				CA99DF54284CB8870030CF9E /* TabViewButton.swift in Sources */,
				CA44B40F2848B457005F662E /* Hall.swift in Sources */,
				CA99DF5D284CB99D0030CF9E /* HomeScreen.swift in Sources */,
				CA89005828461C0E00EA916D /* Gradients.swift in Sources */,
				CA99DF4A284C867D0030CF9E /* EllipseShape.swift in Sources */,
				CA44B42D2848E564005F662E /* MainTabScreen.swift in Sources */,
				CA89005C28476C3200EA916D /* SmallSizeDateCard.swift in Sources */,
				CA89005F284775AE00EA916D /* ShowTime.swift in Sources */,
				CA44B4232848BBF2005F662E /* SeatCardView.swift in Sources */,
			);
			runOnlyForDeploymentPostprocessing = 0;
		};
/* End PBXSourcesBuildPhase section */

/* Begin XCBuildConfiguration section */
		CA8900252844F12D00EA916D /* Debug */ = {
			isa = XCBuildConfiguration;
			buildSettings = {
				ALWAYS_SEARCH_USER_PATHS = NO;
				CLANG_ANALYZER_NONNULL = YES;
				CLANG_ANALYZER_NUMBER_OBJECT_CONVERSION = YES_AGGRESSIVE;
				CLANG_CXX_LANGUAGE_STANDARD = "gnu++14";
				CLANG_CXX_LIBRARY = "libc++";
				CLANG_ENABLE_MODULES = YES;
				CLANG_ENABLE_OBJC_ARC = YES;
				CLANG_ENABLE_OBJC_WEAK = YES;
				CLANG_WARN_BLOCK_CAPTURE_AUTORELEASING = YES;
				CLANG_WARN_BOOL_CONVERSION = YES;
				CLANG_WARN_COMMA = YES;
				CLANG_WARN_CONSTANT_CONVERSION = YES;
				CLANG_WARN_DEPRECATED_OBJC_IMPLEMENTATIONS = YES;
				CLANG_WARN_DIRECT_OBJC_ISA_USAGE = YES_ERROR;
				CLANG_WARN_DOCUMENTATION_COMMENTS = YES;
				CLANG_WARN_EMPTY_BODY = YES;
				CLANG_WARN_ENUM_CONVERSION = YES;
				CLANG_WARN_INFINITE_RECURSION = YES;
				CLANG_WARN_INT_CONVERSION = YES;
				CLANG_WARN_NON_LITERAL_NULL_CONVERSION = YES;
				CLANG_WARN_OBJC_IMPLICIT_RETAIN_SELF = YES;
				CLANG_WARN_OBJC_LITERAL_CONVERSION = YES;
				CLANG_WARN_OBJC_ROOT_CLASS = YES_ERROR;
				CLANG_WARN_QUOTED_INCLUDE_IN_FRAMEWORK_HEADER = YES;
				CLANG_WARN_RANGE_LOOP_ANALYSIS = YES;
				CLANG_WARN_STRICT_PROTOTYPES = YES;
				CLANG_WARN_SUSPICIOUS_MOVE = YES;
				CLANG_WARN_UNGUARDED_AVAILABILITY = YES_AGGRESSIVE;
				CLANG_WARN_UNREACHABLE_CODE = YES;
				CLANG_WARN__DUPLICATE_METHOD_MATCH = YES;
				COPY_PHASE_STRIP = NO;
				DEBUG_INFORMATION_FORMAT = dwarf;
				ENABLE_STRICT_OBJC_MSGSEND = YES;
				ENABLE_TESTABILITY = YES;
				GCC_C_LANGUAGE_STANDARD = gnu11;
				GCC_DYNAMIC_NO_PIC = NO;
				GCC_NO_COMMON_BLOCKS = YES;
				GCC_OPTIMIZATION_LEVEL = 0;
				GCC_PREPROCESSOR_DEFINITIONS = (
					"DEBUG=1",
					"$(inherited)",
				);
				GCC_WARN_64_TO_32_BIT_CONVERSION = YES;
				GCC_WARN_ABOUT_RETURN_TYPE = YES_ERROR;
				GCC_WARN_UNDECLARED_SELECTOR = YES;
				GCC_WARN_UNINITIALIZED_AUTOS = YES_AGGRESSIVE;
				GCC_WARN_UNUSED_FUNCTION = YES;
				GCC_WARN_UNUSED_VARIABLE = YES;
				IPHONEOS_DEPLOYMENT_TARGET = 14.4;
				MTL_ENABLE_DEBUG_INFO = INCLUDE_SOURCE;
				MTL_FAST_MATH = YES;
				ONLY_ACTIVE_ARCH = YES;
				SDKROOT = iphoneos;
				SWIFT_ACTIVE_COMPILATION_CONDITIONS = DEBUG;
				SWIFT_OPTIMIZATION_LEVEL = "-Onone";
			};
			name = Debug;
		};
		CA8900262844F12D00EA916D /* Release */ = {
			isa = XCBuildConfiguration;
			buildSettings = {
				ALWAYS_SEARCH_USER_PATHS = NO;
				CLANG_ANALYZER_NONNULL = YES;
				CLANG_ANALYZER_NUMBER_OBJECT_CONVERSION = YES_AGGRESSIVE;
				CLANG_CXX_LANGUAGE_STANDARD = "gnu++14";
				CLANG_CXX_LIBRARY = "libc++";
				CLANG_ENABLE_MODULES = YES;
				CLANG_ENABLE_OBJC_ARC = YES;
				CLANG_ENABLE_OBJC_WEAK = YES;
				CLANG_WARN_BLOCK_CAPTURE_AUTORELEASING = YES;
				CLANG_WARN_BOOL_CONVERSION = YES;
				CLANG_WARN_COMMA = YES;
				CLANG_WARN_CONSTANT_CONVERSION = YES;
				CLANG_WARN_DEPRECATED_OBJC_IMPLEMENTATIONS = YES;
				CLANG_WARN_DIRECT_OBJC_ISA_USAGE = YES_ERROR;
				CLANG_WARN_DOCUMENTATION_COMMENTS = YES;
				CLANG_WARN_EMPTY_BODY = YES;
				CLANG_WARN_ENUM_CONVERSION = YES;
				CLANG_WARN_INFINITE_RECURSION = YES;
				CLANG_WARN_INT_CONVERSION = YES;
				CLANG_WARN_NON_LITERAL_NULL_CONVERSION = YES;
				CLANG_WARN_OBJC_IMPLICIT_RETAIN_SELF = YES;
				CLANG_WARN_OBJC_LITERAL_CONVERSION = YES;
				CLANG_WARN_OBJC_ROOT_CLASS = YES_ERROR;
				CLANG_WARN_QUOTED_INCLUDE_IN_FRAMEWORK_HEADER = YES;
				CLANG_WARN_RANGE_LOOP_ANALYSIS = YES;
				CLANG_WARN_STRICT_PROTOTYPES = YES;
				CLANG_WARN_SUSPICIOUS_MOVE = YES;
				CLANG_WARN_UNGUARDED_AVAILABILITY = YES_AGGRESSIVE;
				CLANG_WARN_UNREACHABLE_CODE = YES;
				CLANG_WARN__DUPLICATE_METHOD_MATCH = YES;
				COPY_PHASE_STRIP = NO;
				DEBUG_INFORMATION_FORMAT = "dwarf-with-dsym";
				ENABLE_NS_ASSERTIONS = NO;
				ENABLE_STRICT_OBJC_MSGSEND = YES;
				GCC_C_LANGUAGE_STANDARD = gnu11;
				GCC_NO_COMMON_BLOCKS = YES;
				GCC_WARN_64_TO_32_BIT_CONVERSION = YES;
				GCC_WARN_ABOUT_RETURN_TYPE = YES_ERROR;
				GCC_WARN_UNDECLARED_SELECTOR = YES;
				GCC_WARN_UNINITIALIZED_AUTOS = YES_AGGRESSIVE;
				GCC_WARN_UNUSED_FUNCTION = YES;
				GCC_WARN_UNUSED_VARIABLE = YES;
				IPHONEOS_DEPLOYMENT_TARGET = 14.4;
				MTL_ENABLE_DEBUG_INFO = NO;
				MTL_FAST_MATH = YES;
				SDKROOT = iphoneos;
				SWIFT_COMPILATION_MODE = wholemodule;
				SWIFT_OPTIMIZATION_LEVEL = "-O";
				VALIDATE_PRODUCT = YES;
			};
			name = Release;
		};
		CA8900282844F12D00EA916D /* Debug */ = {
			isa = XCBuildConfiguration;
			buildSettings = {
				ASSETCATALOG_COMPILER_APPICON_NAME = AppIcon;
				ASSETCATALOG_COMPILER_GLOBAL_ACCENT_COLOR_NAME = AccentColor;
				CODE_SIGN_STYLE = Automatic;
				DEVELOPMENT_ASSET_PATHS = "\"CinemaBooking/Preview Content\"";
				DEVELOPMENT_TEAM = 95563VRD3R;
				ENABLE_PREVIEWS = YES;
				INFOPLIST_FILE = CinemaBooking/Info.plist;
				IPHONEOS_DEPLOYMENT_TARGET = 14.0;
				LD_RUNPATH_SEARCH_PATHS = (
					"$(inherited)",
					"@executable_path/Frameworks",
				);
				PRODUCT_BUNDLE_IDENTIFIER = com.codersdc.CinemaBooking;
				PRODUCT_NAME = "$(TARGET_NAME)";
				SWIFT_VERSION = 5.0;
				TARGETED_DEVICE_FAMILY = "1,2";
			};
			name = Debug;
		};
		CA8900292844F12D00EA916D /* Release */ = {
			isa = XCBuildConfiguration;
			buildSettings = {
				ASSETCATALOG_COMPILER_APPICON_NAME = AppIcon;
				ASSETCATALOG_COMPILER_GLOBAL_ACCENT_COLOR_NAME = AccentColor;
				CODE_SIGN_STYLE = Automatic;
				DEVELOPMENT_ASSET_PATHS = "\"CinemaBooking/Preview Content\"";
				DEVELOPMENT_TEAM = 95563VRD3R;
				ENABLE_PREVIEWS = YES;
				INFOPLIST_FILE = CinemaBooking/Info.plist;
				IPHONEOS_DEPLOYMENT_TARGET = 14.0;
				LD_RUNPATH_SEARCH_PATHS = (
					"$(inherited)",
					"@executable_path/Frameworks",
				);
				PRODUCT_BUNDLE_IDENTIFIER = com.codersdc.CinemaBooking;
				PRODUCT_NAME = "$(TARGET_NAME)";
				SWIFT_VERSION = 5.0;
				TARGETED_DEVICE_FAMILY = "1,2";
			};
			name = Release;
		};
/* End XCBuildConfiguration section */

/* Begin XCConfigurationList section */
		CA8900132844F12B00EA916D /* Build configuration list for PBXProject "CinemaBooking" */ = {
			isa = XCConfigurationList;
			buildConfigurations = (
				CA8900252844F12D00EA916D /* Debug */,
				CA8900262844F12D00EA916D /* Release */,
			);
			defaultConfigurationIsVisible = 0;
			defaultConfigurationName = Release;
		};
		CA8900272844F12D00EA916D /* Build configuration list for PBXNativeTarget "CinemaBooking" */ = {
			isa = XCConfigurationList;
			buildConfigurations = (
				CA8900282844F12D00EA916D /* Debug */,
				CA8900292844F12D00EA916D /* Release */,
			);
			defaultConfigurationIsVisible = 0;
			defaultConfigurationName = Release;
		};
/* End XCConfigurationList section */
	};
	rootObject = CA8900102844F12B00EA916D /* Project object */;
}
